
Microsoft Visual Studio Solution File, Format Version 12.00
# Visual Studio Version 17
VisualStudioVersion = 17.10.34707.107
MinimumVisualStudioVersion = 10.0.40219.1
Project("{FAE04EC0-301F-11D3-BF4B-00C04F79EFBC}") = "InsuraceWebAPI", "InsuraceWebAPI\InsuraceWebAPI.csproj", "{D5EB2E7F-3AB2-41D0-A67A-05E6B71968FD}"
EndProject
Global
	GlobalSection(SolutionConfigurationPlatforms) = preSolution
		Debug|Any CPU = Debug|Any CPU
		Release|Any CPU = Release|Any CPU
	EndGlobalSection
	GlobalSection(ProjectConfigurationPlatforms) = postSolution
		{D5EB2E7F-3AB2-41D0-A67A-05E6B71968FD}.Debug|Any CPU.ActiveCfg = Debug|Any CPU
		{D5EB2E7F-3AB2-41D0-A67A-05E6B71968FD}.Debug|Any CPU.Build.0 = Debug|Any CPU
		{D5EB2E7F-3AB2-41D0-A67A-05E6B71968FD}.Release|Any CPU.ActiveCfg = Release|Any CPU
		{D5EB2E7F-3AB2-41D0-A67A-05E6B71968FD}.Release|Any CPU.Build.0 = Release|Any CPU
	EndGlobalSection
	GlobalSection(SolutionProperties) = preSolution
		HideSolutionNode = FALSE
	EndGlobalSection
	GlobalSection(ExtensibilityGlobals) = postSolution
		SolutionGuid = {F9A3D516-6A6C-4F70-A72A-A086623EDB40}
	EndGlobalSection
EndGlobal
